
Microsoft Visual Studio Solution File, Format Version 12.00
# Visual Studio 15
VisualStudioVersion = 15.0.26124.0
MinimumVisualStudioVersion = 15.0.26124.0
Project("{2150E333-8FDC-42A3-9474-1A3956D46DE8}") = "src", "src", "{3C4C5EFF-A4F6-468F-B65D-F0CFBE153FF6}"
EndProject
Project("{FAE04EC0-301F-11D3-BF4B-00C04F79EFBC}") = "MFPassword", "src\MFPassword\MFPassword.csproj", "{CCA8279A-EA1A-42AD-B0D9-6107C241844C}"
EndProject
Project("{2150E333-8FDC-42A3-9474-1A3956D46DE8}") = "tests", "tests", "{21F44012-238B-4447-8773-CFF5A370A1B4}"
EndProject
Project("{FAE04EC0-301F-11D3-BF4B-00C04F79EFBC}") = "MFPassword.Tests", "tests\MFPassword.Tests\MFPassword.Tests.csproj", "{B94E7C29-ACF5-43E8-93F7-642997DCC54A}"
EndProject
Project("{FAE04EC0-301F-11D3-BF4B-00C04F79EFBC}") = "MFPassword.Consoles", "tests\MFPassword.Consoles\MFPassword.Consoles.csproj", "{97D54E67-0299-45A0-B690-EB81985E8446}"
EndProject
Global
	GlobalSection(SolutionConfigurationPlatforms) = preSolution
		Debug|Any CPU = Debug|Any CPU
		Debug|x64 = Debug|x64
		Debug|x86 = Debug|x86
		Release|Any CPU = Release|Any CPU
		Release|x64 = Release|x64
		Release|x86 = Release|x86
	EndGlobalSection
	GlobalSection(SolutionProperties) = preSolution
		HideSolutionNode = FALSE
	EndGlobalSection
	GlobalSection(ProjectConfigurationPlatforms) = postSolution
		{CCA8279A-EA1A-42AD-B0D9-6107C241844C}.Debug|Any CPU.ActiveCfg = Debug|Any CPU
		{CCA8279A-EA1A-42AD-B0D9-6107C241844C}.Debug|Any CPU.Build.0 = Debug|Any CPU
		{CCA8279A-EA1A-42AD-B0D9-6107C241844C}.Debug|x64.ActiveCfg = Debug|x64
		{CCA8279A-EA1A-42AD-B0D9-6107C241844C}.Debug|x64.Build.0 = Debug|x64
		{CCA8279A-EA1A-42AD-B0D9-6107C241844C}.Debug|x86.ActiveCfg = Debug|x86
		{CCA8279A-EA1A-42AD-B0D9-6107C241844C}.Debug|x86.Build.0 = Debug|x86
		{CCA8279A-EA1A-42AD-B0D9-6107C241844C}.Release|Any CPU.ActiveCfg = Release|Any CPU
		{CCA8279A-EA1A-42AD-B0D9-6107C241844C}.Release|Any CPU.Build.0 = Release|Any CPU
		{CCA8279A-EA1A-42AD-B0D9-6107C241844C}.Release|x64.ActiveCfg = Release|x64
		{CCA8279A-EA1A-42AD-B0D9-6107C241844C}.Release|x64.Build.0 = Release|x64
		{CCA8279A-EA1A-42AD-B0D9-6107C241844C}.Release|x86.ActiveCfg = Release|x86
		{CCA8279A-EA1A-42AD-B0D9-6107C241844C}.Release|x86.Build.0 = Release|x86
		{B94E7C29-ACF5-43E8-93F7-642997DCC54A}.Debug|Any CPU.ActiveCfg = Debug|Any CPU
		{B94E7C29-ACF5-43E8-93F7-642997DCC54A}.Debug|Any CPU.Build.0 = Debug|Any CPU
		{B94E7C29-ACF5-43E8-93F7-642997DCC54A}.Debug|x64.ActiveCfg = Debug|x64
		{B94E7C29-ACF5-43E8-93F7-642997DCC54A}.Debug|x64.Build.0 = Debug|x64
		{B94E7C29-ACF5-43E8-93F7-642997DCC54A}.Debug|x86.ActiveCfg = Debug|x86
		{B94E7C29-ACF5-43E8-93F7-642997DCC54A}.Debug|x86.Build.0 = Debug|x86
		{B94E7C29-ACF5-43E8-93F7-642997DCC54A}.Release|Any CPU.ActiveCfg = Release|Any CPU
		{B94E7C29-ACF5-43E8-93F7-642997DCC54A}.Release|Any CPU.Build.0 = Release|Any CPU
		{B94E7C29-ACF5-43E8-93F7-642997DCC54A}.Release|x64.ActiveCfg = Release|x64
		{B94E7C29-ACF5-43E8-93F7-642997DCC54A}.Release|x64.Build.0 = Release|x64
		{B94E7C29-ACF5-43E8-93F7-642997DCC54A}.Release|x86.ActiveCfg = Release|x86
		{B94E7C29-ACF5-43E8-93F7-642997DCC54A}.Release|x86.Build.0 = Release|x86
		{97D54E67-0299-45A0-B690-EB81985E8446}.Debug|Any CPU.ActiveCfg = Debug|Any CPU
		{97D54E67-0299-45A0-B690-EB81985E8446}.Debug|Any CPU.Build.0 = Debug|Any CPU
		{97D54E67-0299-45A0-B690-EB81985E8446}.Debug|x64.ActiveCfg = Debug|x64
		{97D54E67-0299-45A0-B690-EB81985E8446}.Debug|x64.Build.0 = Debug|x64
		{97D54E67-0299-45A0-B690-EB81985E8446}.Debug|x86.ActiveCfg = Debug|x86
		{97D54E67-0299-45A0-B690-EB81985E8446}.Debug|x86.Build.0 = Debug|x86
		{97D54E67-0299-45A0-B690-EB81985E8446}.Release|Any CPU.ActiveCfg = Release|Any CPU
		{97D54E67-0299-45A0-B690-EB81985E8446}.Release|Any CPU.Build.0 = Release|Any CPU
		{97D54E67-0299-45A0-B690-EB81985E8446}.Release|x64.ActiveCfg = Release|x64
		{97D54E67-0299-45A0-B690-EB81985E8446}.Release|x64.Build.0 = Release|x64
		{97D54E67-0299-45A0-B690-EB81985E8446}.Release|x86.ActiveCfg = Release|x86
		{97D54E67-0299-45A0-B690-EB81985E8446}.Release|x86.Build.0 = Release|x86
	EndGlobalSection
	GlobalSection(NestedProjects) = preSolution
		{CCA8279A-EA1A-42AD-B0D9-6107C241844C} = {3C4C5EFF-A4F6-468F-B65D-F0CFBE153FF6}
		{B94E7C29-ACF5-43E8-93F7-642997DCC54A} = {21F44012-238B-4447-8773-CFF5A370A1B4}
		{97D54E67-0299-45A0-B690-EB81985E8446} = {21F44012-238B-4447-8773-CFF5A370A1B4}
	EndGlobalSection
EndGlobal
